// !$*UTF8*$!
{
	archiveVersion = 1;
	classes = {
	};
	objectVersion = 50;
	objects = {

/* Begin PBXBuildFile section */
		760C218A262CBE6B00FA6E5B /* AppDelegate.swift in Sources */ = {isa = PBXBuildFile; fileRef = 760C2189262CBE6B00FA6E5B /* AppDelegate.swift */; };
		760C218C262CBE6B00FA6E5B /* SceneDelegate.swift in Sources */ = {isa = PBXBuildFile; fileRef = 760C218B262CBE6B00FA6E5B /* SceneDelegate.swift */; };
		760C218E262CBE6B00FA6E5B /* ViewController.swift in Sources */ = {isa = PBXBuildFile; fileRef = 760C218D262CBE6B00FA6E5B /* ViewController.swift */; };
		760C2191262CBE6B00FA6E5B /* Main.storyboard in Resources */ = {isa = PBXBuildFile; fileRef = 760C218F262CBE6B00FA6E5B /* Main.storyboard */; };
		760C2193262CBE6B00FA6E5B /* Assets.xcassets in Resources */ = {isa = PBXBuildFile; fileRef = 760C2192262CBE6B00FA6E5B /* Assets.xcassets */; };
		760C2196262CBE6B00FA6E5B /* LaunchScreen.storyboard in Resources */ = {isa = PBXBuildFile; fileRef = 760C2194262CBE6B00FA6E5B /* LaunchScreen.storyboard */; };
		760C219F262CC34700FA6E5B /* Petition.swift in Sources */ = {isa = PBXBuildFile; fileRef = 760C219E262CC34700FA6E5B /* Petition.swift */; };
		760C21A2262CC76200FA6E5B /* Petitions.swift in Sources */ = {isa = PBXBuildFile; fileRef = 760C21A1262CC76200FA6E5B /* Petitions.swift */; };
		760C21A5262CD01600FA6E5B /* DetailViewController.swift in Sources */ = {isa = PBXBuildFile; fileRef = 760C21A4262CD01600FA6E5B /* DetailViewController.swift */; };
/* End PBXBuildFile section */

/* Begin PBXFileReference section */
		760C2186262CBE6B00FA6E5B /* 09WhitehousePettitions.app */ = {isa = PBXFileReference; explicitFileType = wrapper.application; includeInIndex = 0; path = 09WhitehousePettitions.app; sourceTree = BUILT_PRODUCTS_DIR; };
		760C2189262CBE6B00FA6E5B /* AppDelegate.swift */ = {isa = PBXFileReference; lastKnownFileType = sourcecode.swift; path = AppDelegate.swift; sourceTree = "<group>"; };
		760C218B262CBE6B00FA6E5B /* SceneDelegate.swift */ = {isa = PBXFileReference; lastKnownFileType = sourcecode.swift; path = SceneDelegate.swift; sourceTree = "<group>"; };
		760C218D262CBE6B00FA6E5B /* ViewController.swift */ = {isa = PBXFileReference; lastKnownFileType = sourcecode.swift; path = ViewController.swift; sourceTree = "<group>"; };
		760C2190262CBE6B00FA6E5B /* Base */ = {isa = PBXFileReference; lastKnownFileType = file.storyboard; name = Base; path = Base.lproj/Main.storyboard; sourceTree = "<group>"; };
		760C2192262CBE6B00FA6E5B /* Assets.xcassets */ = {isa = PBXFileReference; lastKnownFileType = folder.assetcatalog; path = Assets.xcassets; sourceTree = "<group>"; };
		760C2195262CBE6B00FA6E5B /* Base */ = {isa = PBXFileReference; lastKnownFileType = file.storyboard; name = Base; path = Base.lproj/LaunchScreen.storyboard; sourceTree = "<group>"; };
		760C2197262CBE6B00FA6E5B /* Info.plist */ = {isa = PBXFileReference; lastKnownFileType = text.plist.xml; path = Info.plist; sourceTree = "<group>"; };
		760C219E262CC34700FA6E5B /* Petition.swift */ = {isa = PBXFileReference; lastKnownFileType = sourcecode.swift; path = Petition.swift; sourceTree = "<group>"; };
		760C21A1262CC76200FA6E5B /* Petitions.swift */ = {isa = PBXFileReference; lastKnownFileType = sourcecode.swift; path = Petitions.swift; sourceTree = "<group>"; };
		760C21A4262CD01600FA6E5B /* DetailViewController.swift */ = {isa = PBXFileReference; lastKnownFileType = sourcecode.swift; path = DetailViewController.swift; sourceTree = SOURCE_ROOT; };
/* End PBXFileReference section */

/* Begin PBXFrameworksBuildPhase section */
		760C2183262CBE6B00FA6E5B /* Frameworks */ = {
			isa = PBXFrameworksBuildPhase;
			buildActionMask = 2147483647;
			files = (
			);
			runOnlyForDeploymentPostprocessing = 0;
		};
/* End PBXFrameworksBuildPhase section */

/* Begin PBXGroup section */
		760C217D262CBE6B00FA6E5B = {
			isa = PBXGroup;
			children = (
				760C2188262CBE6B00FA6E5B /* 09WhitehousePettitions */,
				760C2187262CBE6B00FA6E5B /* Products */,
			);
			sourceTree = "<group>";
		};
		760C2187262CBE6B00FA6E5B /* Products */ = {
			isa = PBXGroup;
			children = (
				760C2186262CBE6B00FA6E5B /* 09WhitehousePettitions.app */,
			);
			name = Products;
			sourceTree = "<group>";
		};
		760C2188262CBE6B00FA6E5B /* 09WhitehousePettitions */ = {
			isa = PBXGroup;
			children = (
				760C21A4262CD01600FA6E5B /* DetailViewController.swift */,
				760C2189262CBE6B00FA6E5B /* AppDelegate.swift */,
				760C218B262CBE6B00FA6E5B /* SceneDelegate.swift */,
				760C218D262CBE6B00FA6E5B /* ViewController.swift */,
				760C219E262CC34700FA6E5B /* Petition.swift */,
				760C21A1262CC76200FA6E5B /* Petitions.swift */,
				760C218F262CBE6B00FA6E5B /* Main.storyboard */,
				760C2192262CBE6B00FA6E5B /* Assets.xcassets */,
				760C2194262CBE6B00FA6E5B /* LaunchScreen.storyboard */,
				760C2197262CBE6B00FA6E5B /* Info.plist */,
			);
			path = 09WhitehousePettitions;
			sourceTree = "<group>";
		};
/* End PBXGroup section */

/* Begin PBXNativeTarget section */
		760C2185262CBE6B00FA6E5B /* 09WhitehousePettitions */ = {
			isa = PBXNativeTarget;
			buildConfigurationList = 760C219A262CBE6B00FA6E5B /* Build configuration list for PBXNativeTarget "09WhitehousePettitions" */;
			buildPhases = (
				760C2182262CBE6B00FA6E5B /* Sources */,
				760C2183262CBE6B00FA6E5B /* Frameworks */,
				760C2184262CBE6B00FA6E5B /* Resources */,
			);
			buildRules = (
			);
			dependencies = (
			);
			name = 09WhitehousePettitions;
			productName = 09WhitehousePettitions;
			productReference = 760C2186262CBE6B00FA6E5B /* 09WhitehousePettitions.app */;
			productType = "com.apple.product-type.application";
		};
/* End PBXNativeTarget section */

/* Begin PBXProject section */
		760C217E262CBE6B00FA6E5B /* Project object */ = {
			isa = PBXProject;
			attributes = {
				LastSwiftUpdateCheck = 1240;
				LastUpgradeCheck = 1240;
				TargetAttributes = {
					760C2185262CBE6B00FA6E5B = {
						CreatedOnToolsVersion = 12.4;
					};
				};
			};
			buildConfigurationList = 760C2181262CBE6B00FA6E5B /* Build configuration list for PBXProject "09WhitehousePettitions" */;
			compatibilityVersion = "Xcode 9.3";
			developmentRegion = en;
			hasScannedForEncodings = 0;
			knownRegions = (
				en,
				Base,
			);
			mainGroup = 760C217D262CBE6B00FA6E5B;
			productRefGroup = 760C2187262CBE6B00FA6E5B /* Products */;
			projectDirPath = "";
			projectRoot = "";
			targets = (
				760C2185262CBE6B00FA6E5B /* 09WhitehousePettitions */,
			);
		};
/* End PBXProject section */

/* Begin PBXResourcesBuildPhase section */
		760C2184262CBE6B00FA6E5B /* Resources */ = {
			isa = PBXResourcesBuildPhase;
			buildActionMask = 2147483647;
			files = (
				760C2196262CBE6B00FA6E5B /* LaunchScreen.storyboard in Resources */,
				760C2193262CBE6B00FA6E5B /* Assets.xcassets in Resources */,
				760C2191262CBE6B00FA6E5B /* Main.storyboard in Resources */,
			);
			runOnlyForDeploymentPostprocessing = 0;
		};
/* End PBXResourcesBuildPhase section */

/* Begin PBXSourcesBuildPhase section */
		760C2182262CBE6B00FA6E5B /* Sources */ = {
			isa = PBXSourcesBuildPhase;
			buildActionMask = 2147483647;
			files = (
				760C218E262CBE6B00FA6E5B /* ViewController.swift in Sources */,
				760C219F262CC34700FA6E5B /* Petition.swift in Sources */,
				760C218A262CBE6B00FA6E5B /* AppDelegate.swift in Sources */,
				760C21A5262CD01600FA6E5B /* DetailViewController.swift in Sources */,
				760C218C262CBE6B00FA6E5B /* SceneDelegate.swift in Sources */,
				760C21A2262CC76200FA6E5B /* Petitions.swift in Sources */,
			);
			runOnlyForDeploymentPostprocessing = 0;
		};
/* End PBXSourcesBuildPhase section */

/* Begin PBXVariantGroup section */
		760C218F262CBE6B00FA6E5B /* Main.storyboard */ = {
			isa = PBXVariantGroup;
			children = (
				760C2190262CBE6B00FA6E5B /* Base */,
			);
			name = Main.storyboard;
			sourceTree = "<group>";
		};
		760C2194262CBE6B00FA6E5B /* LaunchScreen.storyboard */ = {
			isa = PBXVariantGroup;
			children = (
				760C2195262CBE6B00FA6E5B /* Base */,
			);
			name = LaunchScreen.storyboard;
			sourceTree = "<group>";
		};
/* End PBXVariantGroup section */

/* Begin XCBuildConfiguration section */
		760C2198262CBE6B00FA6E5B /* Debug */ = {
			isa = XCBuildConfiguration;
			buildSettings = {
				ALWAYS_SEARCH_USER_PATHS = NO;
				CLANG_ANALYZER_NONNULL = YES;
				CLANG_ANALYZER_NUMBER_OBJECT_CONVERSION = YES_AGGRESSIVE;
				CLANG_CXX_LANGUAGE_STANDARD = "gnu++14";
				CLANG_CXX_LIBRARY = "libc++";
				CLANG_ENABLE_MODULES = YES;
				CLANG_ENABLE_OBJC_ARC = YES;
				CLANG_ENABLE_OBJC_WEAK = YES;
				CLANG_WARN_BLOCK_CAPTURE_AUTORELEASING = YES;
				CLANG_WARN_BOOL_CONVERSION = YES;
				CLANG_WARN_COMMA = YES;
				CLANG_WARN_CONSTANT_CONVERSION = YES;
				CLANG_WARN_DEPRECATED_OBJC_IMPLEMENTATIONS = YES;
				CLANG_WARN_DIRECT_OBJC_ISA_USAGE = YES_ERROR;
				CLANG_WARN_DOCUMENTATION_COMMENTS = YES;
				CLANG_WARN_EMPTY_BODY = YES;
				CLANG_WARN_ENUM_CONVERSION = YES;
				CLANG_WARN_INFINITE_RECURSION = YES;
				CLANG_WARN_INT_CONVERSION = YES;
				CLANG_WARN_NON_LITERAL_NULL_CONVERSION = YES;
				CLANG_WARN_OBJC_IMPLICIT_RETAIN_SELF = YES;
				CLANG_WARN_OBJC_LITERAL_CONVERSION = YES;
				CLANG_WARN_OBJC_ROOT_CLASS = YES_ERROR;
				CLANG_WARN_QUOTED_INCLUDE_IN_FRAMEWORK_HEADER = YES;
				CLANG_WARN_RANGE_LOOP_ANALYSIS = YES;
				CLANG_WARN_STRICT_PROTOTYPES = YES;
				CLANG_WARN_SUSPICIOUS_MOVE = YES;
				CLANG_WARN_UNGUARDED_AVAILABILITY = YES_AGGRESSIVE;
				CLANG_WARN_UNREACHABLE_CODE = YES;
				CLANG_WARN__DUPLICATE_METHOD_MATCH = YES;
				COPY_PHASE_STRIP = NO;
				DEBUG_INFORMATION_FORMAT = dwarf;
				ENABLE_STRICT_OBJC_MSGSEND = YES;
				ENABLE_TESTABILITY = YES;
				GCC_C_LANGUAGE_STANDARD = gnu11;
				GCC_DYNAMIC_NO_PIC = NO;
				GCC_NO_COMMON_BLOCKS = YES;
				GCC_OPTIMIZATION_LEVEL = 0;
				GCC_PREPROCESSOR_DEFINITIONS = (
					"DEBUG=1",
					"$(inherited)",
				);
				GCC_WARN_64_TO_32_BIT_CONVERSION = YES;
				GCC_WARN_ABOUT_RETURN_TYPE = YES_ERROR;
				GCC_WARN_UNDECLARED_SELECTOR = YES;
				GCC_WARN_UNINITIALIZED_AUTOS = YES_AGGRESSIVE;
				GCC_WARN_UNUSED_FUNCTION = YES;
				GCC_WARN_UNUSED_VARIABLE = YES;
				IPHONEOS_DEPLOYMENT_TARGET = 14.4;
				MTL_ENABLE_DEBUG_INFO = INCLUDE_SOURCE;
				MTL_FAST_MATH = YES;
				ONLY_ACTIVE_ARCH = YES;
				SDKROOT = iphoneos;
				SWIFT_ACTIVE_COMPILATION_CONDITIONS = DEBUG;
				SWIFT_OPTIMIZATION_LEVEL = "-Onone";
			};
			name = Debug;
		};
		760C2199262CBE6B00FA6E5B /* Release */ = {
			isa = XCBuildConfiguration;
			buildSettings = {
				ALWAYS_SEARCH_USER_PATHS = NO;
				CLANG_ANALYZER_NONNULL = YES;
				CLANG_ANALYZER_NUMBER_OBJECT_CONVERSION = YES_AGGRESSIVE;
				CLANG_CXX_LANGUAGE_STANDARD = "gnu++14";
				CLANG_CXX_LIBRARY = "libc++";
				CLANG_ENABLE_MODULES = YES;
				CLANG_ENABLE_OBJC_ARC = YES;
				CLANG_ENABLE_OBJC_WEAK = YES;
				CLANG_WARN_BLOCK_CAPTURE_AUTORELEASING = YES;
				CLANG_WARN_BOOL_CONVERSION = YES;
				CLANG_WARN_COMMA = YES;
				CLANG_WARN_CONSTANT_CONVERSION = YES;
				CLANG_WARN_DEPRECATED_OBJC_IMPLEMENTATIONS = YES;
				CLANG_WARN_DIRECT_OBJC_ISA_USAGE = YES_ERROR;
				CLANG_WARN_DOCUMENTATION_COMMENTS = YES;
				CLANG_WARN_EMPTY_BODY = YES;
				CLANG_WARN_ENUM_CONVERSION = YES;
				CLANG_WARN_INFINITE_RECURSION = YES;
				CLANG_WARN_INT_CONVERSION = YES;
				CLANG_WARN_NON_LITERAL_NULL_CONVERSION = YES;
				CLANG_WARN_OBJC_IMPLICIT_RETAIN_SELF = YES;
				CLANG_WARN_OBJC_LITERAL_CONVERSION = YES;
				CLANG_WARN_OBJC_ROOT_CLASS = YES_ERROR;
				CLANG_WARN_QUOTED_INCLUDE_IN_FRAMEWORK_HEADER = YES;
				CLANG_WARN_RANGE_LOOP_ANALYSIS = YES;
				CLANG_WARN_STRICT_PROTOTYPES = YES;
				CLANG_WARN_SUSPICIOUS_MOVE = YES;
				CLANG_WARN_UNGUARDED_AVAILABILITY = YES_AGGRESSIVE;
				CLANG_WARN_UNREACHABLE_CODE = YES;
				CLANG_WARN__DUPLICATE_METHOD_MATCH = YES;
				COPY_PHASE_STRIP = NO;
				DEBUG_INFORMATION_FORMAT = "dwarf-with-dsym";
				ENABLE_NS_ASSERTIONS = NO;
				ENABLE_STRICT_OBJC_MSGSEND = YES;
				GCC_C_LANGUAGE_STANDARD = gnu11;
				GCC_NO_COMMON_BLOCKS = YES;
				GCC_WARN_64_TO_32_BIT_CONVERSION = YES;
				GCC_WARN_ABOUT_RETURN_TYPE = YES_ERROR;
				GCC_WARN_UNDECLARED_SELECTOR = YES;
				GCC_WARN_UNINITIALIZED_AUTOS = YES_AGGRESSIVE;
				GCC_WARN_UNUSED_FUNCTION = YES;
				GCC_WARN_UNUSED_VARIABLE = YES;
				IPHONEOS_DEPLOYMENT_TARGET = 14.4;
				MTL_ENABLE_DEBUG_INFO = NO;
				MTL_FAST_MATH = YES;
				SDKROOT = iphoneos;
				SWIFT_COMPILATION_MODE = wholemodule;
				SWIFT_OPTIMIZATION_LEVEL = "-O";
				VALIDATE_PRODUCT = YES;
			};
			name = Release;
		};
		760C219B262CBE6B00FA6E5B /* Debug */ = {
			isa = XCBuildConfiguration;
			buildSettings = {
				ASSETCATALOG_COMPILER_APPICON_NAME = AppIcon;
				ASSETCATALOG_COMPILER_GLOBAL_ACCENT_COLOR_NAME = AccentColor;
				CODE_SIGN_STYLE = Automatic;
				INFOPLIST_FILE = 09WhitehousePettitions/Info.plist;
				LD_RUNPATH_SEARCH_PATHS = (
					"$(inherited)",
					"@executable_path/Frameworks",
				);
				PRODUCT_BUNDLE_IDENTIFIER = "com.hackingwithswift.-9WhitehousePettitions";
				PRODUCT_NAME = "$(TARGET_NAME)";
				SWIFT_VERSION = 5.0;
				TARGETED_DEVICE_FAMILY = "1,2";
			};
			name = Debug;
		};
		760C219C262CBE6B00FA6E5B /* Release */ = {
			isa = XCBuildConfiguration;
			buildSettings = {
				ASSETCATALOG_COMPILER_APPICON_NAME = AppIcon;
				ASSETCATALOG_COMPILER_GLOBAL_ACCENT_COLOR_NAME = AccentColor;
				CODE_SIGN_STYLE = Automatic;
				INFOPLIST_FILE = 09WhitehousePettitions/Info.plist;
				LD_RUNPATH_SEARCH_PATHS = (
					"$(inherited)",
					"@executable_path/Frameworks",
				);
				PRODUCT_BUNDLE_IDENTIFIER = "com.hackingwithswift.-9WhitehousePettitions";
				PRODUCT_NAME = "$(TARGET_NAME)";
				SWIFT_VERSION = 5.0;
				TARGETED_DEVICE_FAMILY = "1,2";
			};
			name = Release;
		};
/* End XCBuildConfiguration section */

/* Begin XCConfigurationList section */
		760C2181262CBE6B00FA6E5B /* Build configuration list for PBXProject "09WhitehousePettitions" */ = {
			isa = XCConfigurationList;
			buildConfigurations = (
				760C2198262CBE6B00FA6E5B /* Debug */,
				760C2199262CBE6B00FA6E5B /* Release */,
			);
			defaultConfigurationIsVisible = 0;
			defaultConfigurationName = Release;
		};
		760C219A262CBE6B00FA6E5B /* Build configuration list for PBXNativeTarget "09WhitehousePettitions" */ = {
			isa = XCConfigurationList;
			buildConfigurations = (
				760C219B262CBE6B00FA6E5B /* Debug */,
				760C219C262CBE6B00FA6E5B /* Release */,
			);
			defaultConfigurationIsVisible = 0;
			defaultConfigurationName = Release;
		};
/* End XCConfigurationList section */
	};
	rootObject = 760C217E262CBE6B00FA6E5B /* Project object */;
}
