// !$*UTF8*$!
{
	archiveVersion = 1;
	classes = {
	};
	objectVersion = 50;
	objects = {

/* Begin PBXBuildFile section */
		767F8475261CDF8800F89ACF /* start.txt in Resources */ = {isa = PBXBuildFile; fileRef = 767F8474261CDF8800F89ACF /* start.txt */; };
		76C5CC2F261CD5E9001A6630 /* AppDelegate.swift in Sources */ = {isa = PBXBuildFile; fileRef = 76C5CC2E261CD5E9001A6630 /* AppDelegate.swift */; };
		76C5CC31261CD5E9001A6630 /* SceneDelegate.swift in Sources */ = {isa = PBXBuildFile; fileRef = 76C5CC30261CD5E9001A6630 /* SceneDelegate.swift */; };
		76C5CC33261CD5E9001A6630 /* ViewController.swift in Sources */ = {isa = PBXBuildFile; fileRef = 76C5CC32261CD5E9001A6630 /* ViewController.swift */; };
		76C5CC36261CD5E9001A6630 /* Main.storyboard in Resources */ = {isa = PBXBuildFile; fileRef = 76C5CC34261CD5E9001A6630 /* Main.storyboard */; };
		76C5CC38261CD5EB001A6630 /* Assets.xcassets in Resources */ = {isa = PBXBuildFile; fileRef = 76C5CC37261CD5EB001A6630 /* Assets.xcassets */; };
		76C5CC3B261CD5EB001A6630 /* LaunchScreen.storyboard in Resources */ = {isa = PBXBuildFile; fileRef = 76C5CC39261CD5EB001A6630 /* LaunchScreen.storyboard */; };
/* End PBXBuildFile section */

/* Begin PBXFileReference section */
		767F8474261CDF8800F89ACF /* start.txt */ = {isa = PBXFileReference; fileEncoding = 4; lastKnownFileType = text; path = start.txt; sourceTree = "<group>"; };
		76C5CC2B261CD5E9001A6630 /* 06WordScramble.app */ = {isa = PBXFileReference; explicitFileType = wrapper.application; includeInIndex = 0; path = 06WordScramble.app; sourceTree = BUILT_PRODUCTS_DIR; };
		76C5CC2E261CD5E9001A6630 /* AppDelegate.swift */ = {isa = PBXFileReference; lastKnownFileType = sourcecode.swift; path = AppDelegate.swift; sourceTree = "<group>"; };
		76C5CC30261CD5E9001A6630 /* SceneDelegate.swift */ = {isa = PBXFileReference; lastKnownFileType = sourcecode.swift; path = SceneDelegate.swift; sourceTree = "<group>"; };
		76C5CC32261CD5E9001A6630 /* ViewController.swift */ = {isa = PBXFileReference; lastKnownFileType = sourcecode.swift; path = ViewController.swift; sourceTree = "<group>"; };
		76C5CC35261CD5E9001A6630 /* Base */ = {isa = PBXFileReference; lastKnownFileType = file.storyboard; name = Base; path = Base.lproj/Main.storyboard; sourceTree = "<group>"; };
		76C5CC37261CD5EB001A6630 /* Assets.xcassets */ = {isa = PBXFileReference; lastKnownFileType = folder.assetcatalog; path = Assets.xcassets; sourceTree = "<group>"; };
		76C5CC3A261CD5EB001A6630 /* Base */ = {isa = PBXFileReference; lastKnownFileType = file.storyboard; name = Base; path = Base.lproj/LaunchScreen.storyboard; sourceTree = "<group>"; };
		76C5CC3C261CD5EB001A6630 /* Info.plist */ = {isa = PBXFileReference; lastKnownFileType = text.plist.xml; path = Info.plist; sourceTree = "<group>"; };
/* End PBXFileReference section */

/* Begin PBXFrameworksBuildPhase section */
		76C5CC28261CD5E9001A6630 /* Frameworks */ = {
			isa = PBXFrameworksBuildPhase;
			buildActionMask = 2147483647;
			files = (
			);
			runOnlyForDeploymentPostprocessing = 0;
		};
/* End PBXFrameworksBuildPhase section */

/* Begin PBXGroup section */
		76C5CC22261CD5E9001A6630 = {
			isa = PBXGroup;
			children = (
				76C5CC2D261CD5E9001A6630 /* 06WordScramble */,
				76C5CC2C261CD5E9001A6630 /* Products */,
			);
			sourceTree = "<group>";
		};
		76C5CC2C261CD5E9001A6630 /* Products */ = {
			isa = PBXGroup;
			children = (
				76C5CC2B261CD5E9001A6630 /* 06WordScramble.app */,
			);
			name = Products;
			sourceTree = "<group>";
		};
		76C5CC2D261CD5E9001A6630 /* 06WordScramble */ = {
			isa = PBXGroup;
			children = (
				76C5CC2E261CD5E9001A6630 /* AppDelegate.swift */,
				76C5CC30261CD5E9001A6630 /* SceneDelegate.swift */,
				76C5CC32261CD5E9001A6630 /* ViewController.swift */,
				76C5CC34261CD5E9001A6630 /* Main.storyboard */,
				76C5CC37261CD5EB001A6630 /* Assets.xcassets */,
				76C5CC39261CD5EB001A6630 /* LaunchScreen.storyboard */,
				76C5CC3C261CD5EB001A6630 /* Info.plist */,
				767F8474261CDF8800F89ACF /* start.txt */,
			);
			path = 06WordScramble;
			sourceTree = "<group>";
		};
/* End PBXGroup section */

/* Begin PBXNativeTarget section */
		76C5CC2A261CD5E9001A6630 /* 06WordScramble */ = {
			isa = PBXNativeTarget;
			buildConfigurationList = 76C5CC3F261CD5EB001A6630 /* Build configuration list for PBXNativeTarget "06WordScramble" */;
			buildPhases = (
				76C5CC27261CD5E9001A6630 /* Sources */,
				76C5CC28261CD5E9001A6630 /* Frameworks */,
				76C5CC29261CD5E9001A6630 /* Resources */,
			);
			buildRules = (
			);
			dependencies = (
			);
			name = 06WordScramble;
			productName = 06WordScramble;
			productReference = 76C5CC2B261CD5E9001A6630 /* 06WordScramble.app */;
			productType = "com.apple.product-type.application";
		};
/* End PBXNativeTarget section */

/* Begin PBXProject section */
		76C5CC23261CD5E9001A6630 /* Project object */ = {
			isa = PBXProject;
			attributes = {
				LastSwiftUpdateCheck = 1240;
				LastUpgradeCheck = 1240;
				TargetAttributes = {
					76C5CC2A261CD5E9001A6630 = {
						CreatedOnToolsVersion = 12.4;
					};
				};
			};
			buildConfigurationList = 76C5CC26261CD5E9001A6630 /* Build configuration list for PBXProject "06WordScramble" */;
			compatibilityVersion = "Xcode 9.3";
			developmentRegion = en;
			hasScannedForEncodings = 0;
			knownRegions = (
				en,
				Base,
			);
			mainGroup = 76C5CC22261CD5E9001A6630;
			productRefGroup = 76C5CC2C261CD5E9001A6630 /* Products */;
			projectDirPath = "";
			projectRoot = "";
			targets = (
				76C5CC2A261CD5E9001A6630 /* 06WordScramble */,
			);
		};
/* End PBXProject section */

/* Begin PBXResourcesBuildPhase section */
		76C5CC29261CD5E9001A6630 /* Resources */ = {
			isa = PBXResourcesBuildPhase;
			buildActionMask = 2147483647;
			files = (
				76C5CC3B261CD5EB001A6630 /* LaunchScreen.storyboard in Resources */,
				767F8475261CDF8800F89ACF /* start.txt in Resources */,
				76C5CC38261CD5EB001A6630 /* Assets.xcassets in Resources */,
				76C5CC36261CD5E9001A6630 /* Main.storyboard in Resources */,
			);
			runOnlyForDeploymentPostprocessing = 0;
		};
/* End PBXResourcesBuildPhase section */

/* Begin PBXSourcesBuildPhase section */
		76C5CC27261CD5E9001A6630 /* Sources */ = {
			isa = PBXSourcesBuildPhase;
			buildActionMask = 2147483647;
			files = (
				76C5CC33261CD5E9001A6630 /* ViewController.swift in Sources */,
				76C5CC2F261CD5E9001A6630 /* AppDelegate.swift in Sources */,
				76C5CC31261CD5E9001A6630 /* SceneDelegate.swift in Sources */,
			);
			runOnlyForDeploymentPostprocessing = 0;
		};
/* End PBXSourcesBuildPhase section */

/* Begin PBXVariantGroup section */
		76C5CC34261CD5E9001A6630 /* Main.storyboard */ = {
			isa = PBXVariantGroup;
			children = (
				76C5CC35261CD5E9001A6630 /* Base */,
			);
			name = Main.storyboard;
			sourceTree = "<group>";
		};
		76C5CC39261CD5EB001A6630 /* LaunchScreen.storyboard */ = {
			isa = PBXVariantGroup;
			children = (
				76C5CC3A261CD5EB001A6630 /* Base */,
			);
			name = LaunchScreen.storyboard;
			sourceTree = "<group>";
		};
/* End PBXVariantGroup section */

/* Begin XCBuildConfiguration section */
		76C5CC3D261CD5EB001A6630 /* Debug */ = {
			isa = XCBuildConfiguration;
			buildSettings = {
				ALWAYS_SEARCH_USER_PATHS = NO;
				CLANG_ANALYZER_NONNULL = YES;
				CLANG_ANALYZER_NUMBER_OBJECT_CONVERSION = YES_AGGRESSIVE;
				CLANG_CXX_LANGUAGE_STANDARD = "gnu++14";
				CLANG_CXX_LIBRARY = "libc++";
				CLANG_ENABLE_MODULES = YES;
				CLANG_ENABLE_OBJC_ARC = YES;
				CLANG_ENABLE_OBJC_WEAK = YES;
				CLANG_WARN_BLOCK_CAPTURE_AUTORELEASING = YES;
				CLANG_WARN_BOOL_CONVERSION = YES;
				CLANG_WARN_COMMA = YES;
				CLANG_WARN_CONSTANT_CONVERSION = YES;
				CLANG_WARN_DEPRECATED_OBJC_IMPLEMENTATIONS = YES;
				CLANG_WARN_DIRECT_OBJC_ISA_USAGE = YES_ERROR;
				CLANG_WARN_DOCUMENTATION_COMMENTS = YES;
				CLANG_WARN_EMPTY_BODY = YES;
				CLANG_WARN_ENUM_CONVERSION = YES;
				CLANG_WARN_INFINITE_RECURSION = YES;
				CLANG_WARN_INT_CONVERSION = YES;
				CLANG_WARN_NON_LITERAL_NULL_CONVERSION = YES;
				CLANG_WARN_OBJC_IMPLICIT_RETAIN_SELF = YES;
				CLANG_WARN_OBJC_LITERAL_CONVERSION = YES;
				CLANG_WARN_OBJC_ROOT_CLASS = YES_ERROR;
				CLANG_WARN_QUOTED_INCLUDE_IN_FRAMEWORK_HEADER = YES;
				CLANG_WARN_RANGE_LOOP_ANALYSIS = YES;
				CLANG_WARN_STRICT_PROTOTYPES = YES;
				CLANG_WARN_SUSPICIOUS_MOVE = YES;
				CLANG_WARN_UNGUARDED_AVAILABILITY = YES_AGGRESSIVE;
				CLANG_WARN_UNREACHABLE_CODE = YES;
				CLANG_WARN__DUPLICATE_METHOD_MATCH = YES;
				COPY_PHASE_STRIP = NO;
				DEBUG_INFORMATION_FORMAT = dwarf;
				ENABLE_STRICT_OBJC_MSGSEND = YES;
				ENABLE_TESTABILITY = YES;
				GCC_C_LANGUAGE_STANDARD = gnu11;
				GCC_DYNAMIC_NO_PIC = NO;
				GCC_NO_COMMON_BLOCKS = YES;
				GCC_OPTIMIZATION_LEVEL = 0;
				GCC_PREPROCESSOR_DEFINITIONS = (
					"DEBUG=1",
					"$(inherited)",
				);
				GCC_WARN_64_TO_32_BIT_CONVERSION = YES;
				GCC_WARN_ABOUT_RETURN_TYPE = YES_ERROR;
				GCC_WARN_UNDECLARED_SELECTOR = YES;
				GCC_WARN_UNINITIALIZED_AUTOS = YES_AGGRESSIVE;
				GCC_WARN_UNUSED_FUNCTION = YES;
				GCC_WARN_UNUSED_VARIABLE = YES;
				IPHONEOS_DEPLOYMENT_TARGET = 14.4;
				MTL_ENABLE_DEBUG_INFO = INCLUDE_SOURCE;
				MTL_FAST_MATH = YES;
				ONLY_ACTIVE_ARCH = YES;
				SDKROOT = iphoneos;
				SWIFT_ACTIVE_COMPILATION_CONDITIONS = DEBUG;
				SWIFT_OPTIMIZATION_LEVEL = "-Onone";
			};
			name = Debug;
		};
		76C5CC3E261CD5EB001A6630 /* Release */ = {
			isa = XCBuildConfiguration;
			buildSettings = {
				ALWAYS_SEARCH_USER_PATHS = NO;
				CLANG_ANALYZER_NONNULL = YES;
				CLANG_ANALYZER_NUMBER_OBJECT_CONVERSION = YES_AGGRESSIVE;
				CLANG_CXX_LANGUAGE_STANDARD = "gnu++14";
				CLANG_CXX_LIBRARY = "libc++";
				CLANG_ENABLE_MODULES = YES;
				CLANG_ENABLE_OBJC_ARC = YES;
				CLANG_ENABLE_OBJC_WEAK = YES;
				CLANG_WARN_BLOCK_CAPTURE_AUTORELEASING = YES;
				CLANG_WARN_BOOL_CONVERSION = YES;
				CLANG_WARN_COMMA = YES;
				CLANG_WARN_CONSTANT_CONVERSION = YES;
				CLANG_WARN_DEPRECATED_OBJC_IMPLEMENTATIONS = YES;
				CLANG_WARN_DIRECT_OBJC_ISA_USAGE = YES_ERROR;
				CLANG_WARN_DOCUMENTATION_COMMENTS = YES;
				CLANG_WARN_EMPTY_BODY = YES;
				CLANG_WARN_ENUM_CONVERSION = YES;
				CLANG_WARN_INFINITE_RECURSION = YES;
				CLANG_WARN_INT_CONVERSION = YES;
				CLANG_WARN_NON_LITERAL_NULL_CONVERSION = YES;
				CLANG_WARN_OBJC_IMPLICIT_RETAIN_SELF = YES;
				CLANG_WARN_OBJC_LITERAL_CONVERSION = YES;
				CLANG_WARN_OBJC_ROOT_CLASS = YES_ERROR;
				CLANG_WARN_QUOTED_INCLUDE_IN_FRAMEWORK_HEADER = YES;
				CLANG_WARN_RANGE_LOOP_ANALYSIS = YES;
				CLANG_WARN_STRICT_PROTOTYPES = YES;
				CLANG_WARN_SUSPICIOUS_MOVE = YES;
				CLANG_WARN_UNGUARDED_AVAILABILITY = YES_AGGRESSIVE;
				CLANG_WARN_UNREACHABLE_CODE = YES;
				CLANG_WARN__DUPLICATE_METHOD_MATCH = YES;
				COPY_PHASE_STRIP = NO;
				DEBUG_INFORMATION_FORMAT = "dwarf-with-dsym";
				ENABLE_NS_ASSERTIONS = NO;
				ENABLE_STRICT_OBJC_MSGSEND = YES;
				GCC_C_LANGUAGE_STANDARD = gnu11;
				GCC_NO_COMMON_BLOCKS = YES;
				GCC_WARN_64_TO_32_BIT_CONVERSION = YES;
				GCC_WARN_ABOUT_RETURN_TYPE = YES_ERROR;
				GCC_WARN_UNDECLARED_SELECTOR = YES;
				GCC_WARN_UNINITIALIZED_AUTOS = YES_AGGRESSIVE;
				GCC_WARN_UNUSED_FUNCTION = YES;
				GCC_WARN_UNUSED_VARIABLE = YES;
				IPHONEOS_DEPLOYMENT_TARGET = 14.4;
				MTL_ENABLE_DEBUG_INFO = NO;
				MTL_FAST_MATH = YES;
				SDKROOT = iphoneos;
				SWIFT_COMPILATION_MODE = wholemodule;
				SWIFT_OPTIMIZATION_LEVEL = "-O";
				VALIDATE_PRODUCT = YES;
			};
			name = Release;
		};
		76C5CC40261CD5EB001A6630 /* Debug */ = {
			isa = XCBuildConfiguration;
			buildSettings = {
				ASSETCATALOG_COMPILER_APPICON_NAME = AppIcon;
				ASSETCATALOG_COMPILER_GLOBAL_ACCENT_COLOR_NAME = AccentColor;
				CODE_SIGN_STYLE = Automatic;
				INFOPLIST_FILE = 06WordScramble/Info.plist;
				LD_RUNPATH_SEARCH_PATHS = (
					"$(inherited)",
					"@executable_path/Frameworks",
				);
				PRODUCT_BUNDLE_IDENTIFIER = "com.hackingwithswift.-6WordScramble";
				PRODUCT_NAME = "$(TARGET_NAME)";
				SWIFT_VERSION = 5.0;
				TARGETED_DEVICE_FAMILY = "1,2";
			};
			name = Debug;
		};
		76C5CC41261CD5EB001A6630 /* Release */ = {
			isa = XCBuildConfiguration;
			buildSettings = {
				ASSETCATALOG_COMPILER_APPICON_NAME = AppIcon;
				ASSETCATALOG_COMPILER_GLOBAL_ACCENT_COLOR_NAME = AccentColor;
				CODE_SIGN_STYLE = Automatic;
				INFOPLIST_FILE = 06WordScramble/Info.plist;
				LD_RUNPATH_SEARCH_PATHS = (
					"$(inherited)",
					"@executable_path/Frameworks",
				);
				PRODUCT_BUNDLE_IDENTIFIER = "com.hackingwithswift.-6WordScramble";
				PRODUCT_NAME = "$(TARGET_NAME)";
				SWIFT_VERSION = 5.0;
				TARGETED_DEVICE_FAMILY = "1,2";
			};
			name = Release;
		};
/* End XCBuildConfiguration section */

/* Begin XCConfigurationList section */
		76C5CC26261CD5E9001A6630 /* Build configuration list for PBXProject "06WordScramble" */ = {
			isa = XCConfigurationList;
			buildConfigurations = (
				76C5CC3D261CD5EB001A6630 /* Debug */,
				76C5CC3E261CD5EB001A6630 /* Release */,
			);
			defaultConfigurationIsVisible = 0;
			defaultConfigurationName = Release;
		};
		76C5CC3F261CD5EB001A6630 /* Build configuration list for PBXNativeTarget "06WordScramble" */ = {
			isa = XCConfigurationList;
			buildConfigurations = (
				76C5CC40261CD5EB001A6630 /* Debug */,
				76C5CC41261CD5EB001A6630 /* Release */,
			);
			defaultConfigurationIsVisible = 0;
			defaultConfigurationName = Release;
		};
/* End XCConfigurationList section */
	};
	rootObject = 76C5CC23261CD5E9001A6630 /* Project object */;
}
